
Microsoft Visual Studio Solution File, Format Version 12.00
# Visual Studio 15
VisualStudioVersion = 15.0.28307.1525
MinimumVisualStudioVersion = 10.0.40219.1
Project("{FAE04EC0-301F-11D3-BF4B-00C04F79EFBC}") = "web2Blank", "web2Blank\web2Blank.csproj", "{37C036D5-7E97-4516-A04D-878ABF18771B}"
EndProject
Global
	GlobalSection(SolutionConfigurationPlatforms) = preSolution
		Debug|Any CPU = Debug|Any CPU
		Release|Any CPU = Release|Any CPU
	EndGlobalSection
	GlobalSection(ProjectConfigurationPlatforms) = postSolution
		{37C036D5-7E97-4516-A04D-878ABF18771B}.Debug|Any CPU.ActiveCfg = Debug|Any CPU
		{37C036D5-7E97-4516-A04D-878ABF18771B}.Debug|Any CPU.Build.0 = Debug|Any CPU
		{37C036D5-7E97-4516-A04D-878ABF18771B}.Release|Any CPU.ActiveCfg = Release|Any CPU
		{37C036D5-7E97-4516-A04D-878ABF18771B}.Release|Any CPU.Build.0 = Release|Any CPU
	EndGlobalSection
	GlobalSection(SolutionProperties) = preSolution
		HideSolutionNode = FALSE
	EndGlobalSection
	GlobalSection(ExtensibilityGlobals) = postSolution
		SolutionGuid = {A9BEFC57-F403-458F-82A9-A35AE39EA9A4}
	EndGlobalSection
EndGlobal
